// !$*UTF8*$!
{
	archiveVersion = 1;
	classes = {
	};
	objectVersion = 50;
	objects = {

/* Begin PBXBuildFile section */
		CFE186A724B05E1900A90330 /* AppDelegate.swift in Sources */ = {isa = PBXBuildFile; fileRef = CFE186A624B05E1900A90330 /* AppDelegate.swift */; };
		CFE186A924B05E1900A90330 /* SceneDelegate.swift in Sources */ = {isa = PBXBuildFile; fileRef = CFE186A824B05E1900A90330 /* SceneDelegate.swift */; };
		CFE186AB24B05E1900A90330 /* ViewController.swift in Sources */ = {isa = PBXBuildFile; fileRef = CFE186AA24B05E1900A90330 /* ViewController.swift */; };
		CFE186AE24B05E1900A90330 /* Main.storyboard in Resources */ = {isa = PBXBuildFile; fileRef = CFE186AC24B05E1900A90330 /* Main.storyboard */; };
		CFE186B024B05E1B00A90330 /* Assets.xcassets in Resources */ = {isa = PBXBuildFile; fileRef = CFE186AF24B05E1B00A90330 /* Assets.xcassets */; };
		CFE186B324B05E1B00A90330 /* LaunchScreen.storyboard in Resources */ = {isa = PBXBuildFile; fileRef = CFE186B124B05E1B00A90330 /* LaunchScreen.storyboard */; };
		CFE186BE24B05E1B00A90330 /* ListCollectionViewTests.swift in Sources */ = {isa = PBXBuildFile; fileRef = CFE186BD24B05E1B00A90330 /* ListCollectionViewTests.swift */; };
		CFE186C924B05E1B00A90330 /* ListCollectionViewUITests.swift in Sources */ = {isa = PBXBuildFile; fileRef = CFE186C824B05E1B00A90330 /* ListCollectionViewUITests.swift */; };
		CFE186D724B05FE400A90330 /* SimpleListViewController.swift in Sources */ = {isa = PBXBuildFile; fileRef = CFE186D624B05FE400A90330 /* SimpleListViewController.swift */; };
/* End PBXBuildFile section */

/* Begin PBXContainerItemProxy section */
		CFE186BA24B05E1B00A90330 /* PBXContainerItemProxy */ = {
			isa = PBXContainerItemProxy;
			containerPortal = CFE1869B24B05E1900A90330 /* Project object */;
			proxyType = 1;
			remoteGlobalIDString = CFE186A224B05E1900A90330;
			remoteInfo = ListCollectionView;
		};
		CFE186C524B05E1B00A90330 /* PBXContainerItemProxy */ = {
			isa = PBXContainerItemProxy;
			containerPortal = CFE1869B24B05E1900A90330 /* Project object */;
			proxyType = 1;
			remoteGlobalIDString = CFE186A224B05E1900A90330;
			remoteInfo = ListCollectionView;
		};
/* End PBXContainerItemProxy section */

/* Begin PBXFileReference section */
		CFE186A324B05E1900A90330 /* ListCollectionView.app */ = {isa = PBXFileReference; explicitFileType = wrapper.application; includeInIndex = 0; path = ListCollectionView.app; sourceTree = BUILT_PRODUCTS_DIR; };
		CFE186A624B05E1900A90330 /* AppDelegate.swift */ = {isa = PBXFileReference; lastKnownFileType = sourcecode.swift; path = AppDelegate.swift; sourceTree = "<group>"; };
		CFE186A824B05E1900A90330 /* SceneDelegate.swift */ = {isa = PBXFileReference; lastKnownFileType = sourcecode.swift; path = SceneDelegate.swift; sourceTree = "<group>"; };
		CFE186AA24B05E1900A90330 /* ViewController.swift */ = {isa = PBXFileReference; lastKnownFileType = sourcecode.swift; path = ViewController.swift; sourceTree = "<group>"; };
		CFE186AD24B05E1900A90330 /* Base */ = {isa = PBXFileReference; lastKnownFileType = file.storyboard; name = Base; path = Base.lproj/Main.storyboard; sourceTree = "<group>"; };
		CFE186AF24B05E1B00A90330 /* Assets.xcassets */ = {isa = PBXFileReference; lastKnownFileType = folder.assetcatalog; path = Assets.xcassets; sourceTree = "<group>"; };
		CFE186B224B05E1B00A90330 /* Base */ = {isa = PBXFileReference; lastKnownFileType = file.storyboard; name = Base; path = Base.lproj/LaunchScreen.storyboard; sourceTree = "<group>"; };
		CFE186B424B05E1B00A90330 /* Info.plist */ = {isa = PBXFileReference; lastKnownFileType = text.plist.xml; path = Info.plist; sourceTree = "<group>"; };
		CFE186B924B05E1B00A90330 /* ListCollectionViewTests.xctest */ = {isa = PBXFileReference; explicitFileType = wrapper.cfbundle; includeInIndex = 0; path = ListCollectionViewTests.xctest; sourceTree = BUILT_PRODUCTS_DIR; };
		CFE186BD24B05E1B00A90330 /* ListCollectionViewTests.swift */ = {isa = PBXFileReference; lastKnownFileType = sourcecode.swift; path = ListCollectionViewTests.swift; sourceTree = "<group>"; };
		CFE186BF24B05E1B00A90330 /* Info.plist */ = {isa = PBXFileReference; lastKnownFileType = text.plist.xml; path = Info.plist; sourceTree = "<group>"; };
		CFE186C424B05E1B00A90330 /* ListCollectionViewUITests.xctest */ = {isa = PBXFileReference; explicitFileType = wrapper.cfbundle; includeInIndex = 0; path = ListCollectionViewUITests.xctest; sourceTree = BUILT_PRODUCTS_DIR; };
		CFE186C824B05E1B00A90330 /* ListCollectionViewUITests.swift */ = {isa = PBXFileReference; lastKnownFileType = sourcecode.swift; path = ListCollectionViewUITests.swift; sourceTree = "<group>"; };
		CFE186CA24B05E1B00A90330 /* Info.plist */ = {isa = PBXFileReference; lastKnownFileType = text.plist.xml; path = Info.plist; sourceTree = "<group>"; };
		CFE186D624B05FE400A90330 /* SimpleListViewController.swift */ = {isa = PBXFileReference; lastKnownFileType = sourcecode.swift; path = SimpleListViewController.swift; sourceTree = "<group>"; };
/* End PBXFileReference section */

/* Begin PBXFrameworksBuildPhase section */
		CFE186A024B05E1900A90330 /* Frameworks */ = {
			isa = PBXFrameworksBuildPhase;
			buildActionMask = 2147483647;
			files = (
			);
			runOnlyForDeploymentPostprocessing = 0;
		};
		CFE186B624B05E1B00A90330 /* Frameworks */ = {
			isa = PBXFrameworksBuildPhase;
			buildActionMask = 2147483647;
			files = (
			);
			runOnlyForDeploymentPostprocessing = 0;
		};
		CFE186C124B05E1B00A90330 /* Frameworks */ = {
			isa = PBXFrameworksBuildPhase;
			buildActionMask = 2147483647;
			files = (
			);
			runOnlyForDeploymentPostprocessing = 0;
		};
/* End PBXFrameworksBuildPhase section */

/* Begin PBXGroup section */
		CFE1869A24B05E1900A90330 = {
			isa = PBXGroup;
			children = (
				CFE186A524B05E1900A90330 /* ListCollectionView */,
				CFE186BC24B05E1B00A90330 /* ListCollectionViewTests */,
				CFE186C724B05E1B00A90330 /* ListCollectionViewUITests */,
				CFE186A424B05E1900A90330 /* Products */,
			);
			sourceTree = "<group>";
		};
		CFE186A424B05E1900A90330 /* Products */ = {
			isa = PBXGroup;
			children = (
				CFE186A324B05E1900A90330 /* ListCollectionView.app */,
				CFE186B924B05E1B00A90330 /* ListCollectionViewTests.xctest */,
				CFE186C424B05E1B00A90330 /* ListCollectionViewUITests.xctest */,
			);
			name = Products;
			sourceTree = "<group>";
		};
		CFE186A524B05E1900A90330 /* ListCollectionView */ = {
			isa = PBXGroup;
			children = (
				CFE186A624B05E1900A90330 /* AppDelegate.swift */,
				CFE186A824B05E1900A90330 /* SceneDelegate.swift */,
				CFE186D624B05FE400A90330 /* SimpleListViewController.swift */,
				CFE186AA24B05E1900A90330 /* ViewController.swift */,
				CFE186AC24B05E1900A90330 /* Main.storyboard */,
				CFE186AF24B05E1B00A90330 /* Assets.xcassets */,
				CFE186B124B05E1B00A90330 /* LaunchScreen.storyboard */,
				CFE186B424B05E1B00A90330 /* Info.plist */,
			);
			path = ListCollectionView;
			sourceTree = "<group>";
		};
		CFE186BC24B05E1B00A90330 /* ListCollectionViewTests */ = {
			isa = PBXGroup;
			children = (
				CFE186BD24B05E1B00A90330 /* ListCollectionViewTests.swift */,
				CFE186BF24B05E1B00A90330 /* Info.plist */,
			);
			path = ListCollectionViewTests;
			sourceTree = "<group>";
		};
		CFE186C724B05E1B00A90330 /* ListCollectionViewUITests */ = {
			isa = PBXGroup;
			children = (
				CFE186C824B05E1B00A90330 /* ListCollectionViewUITests.swift */,
				CFE186CA24B05E1B00A90330 /* Info.plist */,
			);
			path = ListCollectionViewUITests;
			sourceTree = "<group>";
		};
/* End PBXGroup section */

/* Begin PBXNativeTarget section */
		CFE186A224B05E1900A90330 /* ListCollectionView */ = {
			isa = PBXNativeTarget;
			buildConfigurationList = CFE186CD24B05E1B00A90330 /* Build configuration list for PBXNativeTarget "ListCollectionView" */;
			buildPhases = (
				CFE1869F24B05E1900A90330 /* Sources */,
				CFE186A024B05E1900A90330 /* Frameworks */,
				CFE186A124B05E1900A90330 /* Resources */,
			);
			buildRules = (
			);
			dependencies = (
			);
			name = ListCollectionView;
			productName = ListCollectionView;
			productReference = CFE186A324B05E1900A90330 /* ListCollectionView.app */;
			productType = "com.apple.product-type.application";
		};
		CFE186B824B05E1B00A90330 /* ListCollectionViewTests */ = {
			isa = PBXNativeTarget;
			buildConfigurationList = CFE186D024B05E1B00A90330 /* Build configuration list for PBXNativeTarget "ListCollectionViewTests" */;
			buildPhases = (
				CFE186B524B05E1B00A90330 /* Sources */,
				CFE186B624B05E1B00A90330 /* Frameworks */,
				CFE186B724B05E1B00A90330 /* Resources */,
			);
			buildRules = (
			);
			dependencies = (
				CFE186BB24B05E1B00A90330 /* PBXTargetDependency */,
			);
			name = ListCollectionViewTests;
			productName = ListCollectionViewTests;
			productReference = CFE186B924B05E1B00A90330 /* ListCollectionViewTests.xctest */;
			productType = "com.apple.product-type.bundle.unit-test";
		};
		CFE186C324B05E1B00A90330 /* ListCollectionViewUITests */ = {
			isa = PBXNativeTarget;
			buildConfigurationList = CFE186D324B05E1B00A90330 /* Build configuration list for PBXNativeTarget "ListCollectionViewUITests" */;
			buildPhases = (
				CFE186C024B05E1B00A90330 /* Sources */,
				CFE186C124B05E1B00A90330 /* Frameworks */,
				CFE186C224B05E1B00A90330 /* Resources */,
			);
			buildRules = (
			);
			dependencies = (
				CFE186C624B05E1B00A90330 /* PBXTargetDependency */,
			);
			name = ListCollectionViewUITests;
			productName = ListCollectionViewUITests;
			productReference = CFE186C424B05E1B00A90330 /* ListCollectionViewUITests.xctest */;
			productType = "com.apple.product-type.bundle.ui-testing";
		};
/* End PBXNativeTarget section */

/* Begin PBXProject section */
		CFE1869B24B05E1900A90330 /* Project object */ = {
			isa = PBXProject;
			attributes = {
				LastSwiftUpdateCheck = 1200;
				LastUpgradeCheck = 1200;
				TargetAttributes = {
					CFE186A224B05E1900A90330 = {
						CreatedOnToolsVersion = 12.0;
					};
					CFE186B824B05E1B00A90330 = {
						CreatedOnToolsVersion = 12.0;
						TestTargetID = CFE186A224B05E1900A90330;
					};
					CFE186C324B05E1B00A90330 = {
						CreatedOnToolsVersion = 12.0;
						TestTargetID = CFE186A224B05E1900A90330;
					};
				};
			};
			buildConfigurationList = CFE1869E24B05E1900A90330 /* Build configuration list for PBXProject "ListCollectionView" */;
			compatibilityVersion = "Xcode 9.3";
			developmentRegion = en;
			hasScannedForEncodings = 0;
			knownRegions = (
				en,
				Base,
			);
			mainGroup = CFE1869A24B05E1900A90330;
			productRefGroup = CFE186A424B05E1900A90330 /* Products */;
			projectDirPath = "";
			projectRoot = "";
			targets = (
				CFE186A224B05E1900A90330 /* ListCollectionView */,
				CFE186B824B05E1B00A90330 /* ListCollectionViewTests */,
				CFE186C324B05E1B00A90330 /* ListCollectionViewUITests */,
			);
		};
/* End PBXProject section */

/* Begin PBXResourcesBuildPhase section */
		CFE186A124B05E1900A90330 /* Resources */ = {
			isa = PBXResourcesBuildPhase;
			buildActionMask = 2147483647;
			files = (
				CFE186B324B05E1B00A90330 /* LaunchScreen.storyboard in Resources */,
				CFE186B024B05E1B00A90330 /* Assets.xcassets in Resources */,
				CFE186AE24B05E1900A90330 /* Main.storyboard in Resources */,
			);
			runOnlyForDeploymentPostprocessing = 0;
		};
		CFE186B724B05E1B00A90330 /* Resources */ = {
			isa = PBXResourcesBuildPhase;
			buildActionMask = 2147483647;
			files = (
			);
			runOnlyForDeploymentPostprocessing = 0;
		};
		CFE186C224B05E1B00A90330 /* Resources */ = {
			isa = PBXResourcesBuildPhase;
			buildActionMask = 2147483647;
			files = (
			);
			runOnlyForDeploymentPostprocessing = 0;
		};
/* End PBXResourcesBuildPhase section */

/* Begin PBXSourcesBuildPhase section */
		CFE1869F24B05E1900A90330 /* Sources */ = {
			isa = PBXSourcesBuildPhase;
			buildActionMask = 2147483647;
			files = (
				CFE186AB24B05E1900A90330 /* ViewController.swift in Sources */,
				CFE186A724B05E1900A90330 /* AppDelegate.swift in Sources */,
				CFE186D724B05FE400A90330 /* SimpleListViewController.swift in Sources */,
				CFE186A924B05E1900A90330 /* SceneDelegate.swift in Sources */,
			);
			runOnlyForDeploymentPostprocessing = 0;
		};
		CFE186B524B05E1B00A90330 /* Sources */ = {
			isa = PBXSourcesBuildPhase;
			buildActionMask = 2147483647;
			files = (
				CFE186BE24B05E1B00A90330 /* ListCollectionViewTests.swift in Sources */,
			);
			runOnlyForDeploymentPostprocessing = 0;
		};
		CFE186C024B05E1B00A90330 /* Sources */ = {
			isa = PBXSourcesBuildPhase;
			buildActionMask = 2147483647;
			files = (
				CFE186C924B05E1B00A90330 /* ListCollectionViewUITests.swift in Sources */,
			);
			runOnlyForDeploymentPostprocessing = 0;
		};
/* End PBXSourcesBuildPhase section */

/* Begin PBXTargetDependency section */
		CFE186BB24B05E1B00A90330 /* PBXTargetDependency */ = {
			isa = PBXTargetDependency;
			target = CFE186A224B05E1900A90330 /* ListCollectionView */;
			targetProxy = CFE186BA24B05E1B00A90330 /* PBXContainerItemProxy */;
		};
		CFE186C624B05E1B00A90330 /* PBXTargetDependency */ = {
			isa = PBXTargetDependency;
			target = CFE186A224B05E1900A90330 /* ListCollectionView */;
			targetProxy = CFE186C524B05E1B00A90330 /* PBXContainerItemProxy */;
		};
/* End PBXTargetDependency section */

/* Begin PBXVariantGroup section */
		CFE186AC24B05E1900A90330 /* Main.storyboard */ = {
			isa = PBXVariantGroup;
			children = (
				CFE186AD24B05E1900A90330 /* Base */,
			);
			name = Main.storyboard;
			sourceTree = "<group>";
		};
		CFE186B124B05E1B00A90330 /* LaunchScreen.storyboard */ = {
			isa = PBXVariantGroup;
			children = (
				CFE186B224B05E1B00A90330 /* Base */,
			);
			name = LaunchScreen.storyboard;
			sourceTree = "<group>";
		};
/* End PBXVariantGroup section */

/* Begin XCBuildConfiguration section */
		CFE186CB24B05E1B00A90330 /* Debug */ = {
			isa = XCBuildConfiguration;
			buildSettings = {
				ALWAYS_SEARCH_USER_PATHS = NO;
				CLANG_ANALYZER_NONNULL = YES;
				CLANG_ANALYZER_NUMBER_OBJECT_CONVERSION = YES_AGGRESSIVE;
				CLANG_CXX_LANGUAGE_STANDARD = "gnu++14";
				CLANG_CXX_LIBRARY = "libc++";
				CLANG_ENABLE_MODULES = YES;
				CLANG_ENABLE_OBJC_ARC = YES;
				CLANG_ENABLE_OBJC_WEAK = YES;
				CLANG_WARN_BLOCK_CAPTURE_AUTORELEASING = YES;
				CLANG_WARN_BOOL_CONVERSION = YES;
				CLANG_WARN_COMMA = YES;
				CLANG_WARN_CONSTANT_CONVERSION = YES;
				CLANG_WARN_DEPRECATED_OBJC_IMPLEMENTATIONS = YES;
				CLANG_WARN_DIRECT_OBJC_ISA_USAGE = YES_ERROR;
				CLANG_WARN_DOCUMENTATION_COMMENTS = YES;
				CLANG_WARN_EMPTY_BODY = YES;
				CLANG_WARN_ENUM_CONVERSION = YES;
				CLANG_WARN_INFINITE_RECURSION = YES;
				CLANG_WARN_INT_CONVERSION = YES;
				CLANG_WARN_NON_LITERAL_NULL_CONVERSION = YES;
				CLANG_WARN_OBJC_IMPLICIT_RETAIN_SELF = YES;
				CLANG_WARN_OBJC_LITERAL_CONVERSION = YES;
				CLANG_WARN_OBJC_ROOT_CLASS = YES_ERROR;
				CLANG_WARN_QUOTED_INCLUDE_IN_FRAMEWORK_HEADER = YES;
				CLANG_WARN_RANGE_LOOP_ANALYSIS = YES;
				CLANG_WARN_STRICT_PROTOTYPES = YES;
				CLANG_WARN_SUSPICIOUS_MOVE = YES;
				CLANG_WARN_UNGUARDED_AVAILABILITY = YES_AGGRESSIVE;
				CLANG_WARN_UNREACHABLE_CODE = YES;
				CLANG_WARN__DUPLICATE_METHOD_MATCH = YES;
				COPY_PHASE_STRIP = NO;
				DEBUG_INFORMATION_FORMAT = dwarf;
				ENABLE_STRICT_OBJC_MSGSEND = YES;
				ENABLE_TESTABILITY = YES;
				GCC_C_LANGUAGE_STANDARD = gnu11;
				GCC_DYNAMIC_NO_PIC = NO;
				GCC_NO_COMMON_BLOCKS = YES;
				GCC_OPTIMIZATION_LEVEL = 0;
				GCC_PREPROCESSOR_DEFINITIONS = (
					"DEBUG=1",
					"$(inherited)",
				);
				GCC_WARN_64_TO_32_BIT_CONVERSION = YES;
				GCC_WARN_ABOUT_RETURN_TYPE = YES_ERROR;
				GCC_WARN_UNDECLARED_SELECTOR = YES;
				GCC_WARN_UNINITIALIZED_AUTOS = YES_AGGRESSIVE;
				GCC_WARN_UNUSED_FUNCTION = YES;
				GCC_WARN_UNUSED_VARIABLE = YES;
				IPHONEOS_DEPLOYMENT_TARGET = 14.0;
				MTL_ENABLE_DEBUG_INFO = INCLUDE_SOURCE;
				MTL_FAST_MATH = YES;
				ONLY_ACTIVE_ARCH = YES;
				SDKROOT = iphoneos;
				SWIFT_ACTIVE_COMPILATION_CONDITIONS = DEBUG;
				SWIFT_OPTIMIZATION_LEVEL = "-Onone";
			};
			name = Debug;
		};
		CFE186CC24B05E1B00A90330 /* Release */ = {
			isa = XCBuildConfiguration;
			buildSettings = {
				ALWAYS_SEARCH_USER_PATHS = NO;
				CLANG_ANALYZER_NONNULL = YES;
				CLANG_ANALYZER_NUMBER_OBJECT_CONVERSION = YES_AGGRESSIVE;
				CLANG_CXX_LANGUAGE_STANDARD = "gnu++14";
				CLANG_CXX_LIBRARY = "libc++";
				CLANG_ENABLE_MODULES = YES;
				CLANG_ENABLE_OBJC_ARC = YES;
				CLANG_ENABLE_OBJC_WEAK = YES;
				CLANG_WARN_BLOCK_CAPTURE_AUTORELEASING = YES;
				CLANG_WARN_BOOL_CONVERSION = YES;
				CLANG_WARN_COMMA = YES;
				CLANG_WARN_CONSTANT_CONVERSION = YES;
				CLANG_WARN_DEPRECATED_OBJC_IMPLEMENTATIONS = YES;
				CLANG_WARN_DIRECT_OBJC_ISA_USAGE = YES_ERROR;
				CLANG_WARN_DOCUMENTATION_COMMENTS = YES;
				CLANG_WARN_EMPTY_BODY = YES;
				CLANG_WARN_ENUM_CONVERSION = YES;
				CLANG_WARN_INFINITE_RECURSION = YES;
				CLANG_WARN_INT_CONVERSION = YES;
				CLANG_WARN_NON_LITERAL_NULL_CONVERSION = YES;
				CLANG_WARN_OBJC_IMPLICIT_RETAIN_SELF = YES;
				CLANG_WARN_OBJC_LITERAL_CONVERSION = YES;
				CLANG_WARN_OBJC_ROOT_CLASS = YES_ERROR;
				CLANG_WARN_QUOTED_INCLUDE_IN_FRAMEWORK_HEADER = YES;
				CLANG_WARN_RANGE_LOOP_ANALYSIS = YES;
				CLANG_WARN_STRICT_PROTOTYPES = YES;
				CLANG_WARN_SUSPICIOUS_MOVE = YES;
				CLANG_WARN_UNGUARDED_AVAILABILITY = YES_AGGRESSIVE;
				CLANG_WARN_UNREACHABLE_CODE = YES;
				CLANG_WARN__DUPLICATE_METHOD_MATCH = YES;
				COPY_PHASE_STRIP = NO;
				DEBUG_INFORMATION_FORMAT = "dwarf-with-dsym";
				ENABLE_NS_ASSERTIONS = NO;
				ENABLE_STRICT_OBJC_MSGSEND = YES;
				GCC_C_LANGUAGE_STANDARD = gnu11;
				GCC_NO_COMMON_BLOCKS = YES;
				GCC_WARN_64_TO_32_BIT_CONVERSION = YES;
				GCC_WARN_ABOUT_RETURN_TYPE = YES_ERROR;
				GCC_WARN_UNDECLARED_SELECTOR = YES;
				GCC_WARN_UNINITIALIZED_AUTOS = YES_AGGRESSIVE;
				GCC_WARN_UNUSED_FUNCTION = YES;
				GCC_WARN_UNUSED_VARIABLE = YES;
				IPHONEOS_DEPLOYMENT_TARGET = 14.0;
				MTL_ENABLE_DEBUG_INFO = NO;
				MTL_FAST_MATH = YES;
				SDKROOT = iphoneos;
				SWIFT_COMPILATION_MODE = wholemodule;
				SWIFT_OPTIMIZATION_LEVEL = "-O";
				VALIDATE_PRODUCT = YES;
			};
			name = Release;
		};
		CFE186CE24B05E1B00A90330 /* Debug */ = {
			isa = XCBuildConfiguration;
			buildSettings = {
				ASSETCATALOG_COMPILER_APPICON_NAME = AppIcon;
				ASSETCATALOG_COMPILER_GLOBAL_ACCENT_COLOR_NAME = AccentColor;
				CODE_SIGN_STYLE = Automatic;
				DEVELOPMENT_TEAM = DQ6L6A5H88;
				INFOPLIST_FILE = ListCollectionView/Info.plist;
				LD_RUNPATH_SEARCH_PATHS = (
					"$(inherited)",
					"@executable_path/Frameworks",
				);
				PRODUCT_BUNDLE_IDENTIFIER = ChikatoTakenouchi.ListCollectionView;
				PRODUCT_NAME = "$(TARGET_NAME)";
				SWIFT_VERSION = 5.0;
				TARGETED_DEVICE_FAMILY = "1,2";
			};
			name = Debug;
		};
		CFE186CF24B05E1B00A90330 /* Release */ = {
			isa = XCBuildConfiguration;
			buildSettings = {
				ASSETCATALOG_COMPILER_APPICON_NAME = AppIcon;
				ASSETCATALOG_COMPILER_GLOBAL_ACCENT_COLOR_NAME = AccentColor;
				CODE_SIGN_STYLE = Automatic;
				DEVELOPMENT_TEAM = DQ6L6A5H88;
				INFOPLIST_FILE = ListCollectionView/Info.plist;
				LD_RUNPATH_SEARCH_PATHS = (
					"$(inherited)",
					"@executable_path/Frameworks",
				);
				PRODUCT_BUNDLE_IDENTIFIER = ChikatoTakenouchi.ListCollectionView;
				PRODUCT_NAME = "$(TARGET_NAME)";
				SWIFT_VERSION = 5.0;
				TARGETED_DEVICE_FAMILY = "1,2";
			};
			name = Release;
		};
		CFE186D124B05E1B00A90330 /* Debug */ = {
			isa = XCBuildConfiguration;
			buildSettings = {
				ALWAYS_EMBED_SWIFT_STANDARD_LIBRARIES = YES;
				BUNDLE_LOADER = "$(TEST_HOST)";
				CODE_SIGN_STYLE = Automatic;
				DEVELOPMENT_TEAM = DQ6L6A5H88;
				INFOPLIST_FILE = ListCollectionViewTests/Info.plist;
				IPHONEOS_DEPLOYMENT_TARGET = 14.0;
				LD_RUNPATH_SEARCH_PATHS = (
					"$(inherited)",
					"@executable_path/Frameworks",
					"@loader_path/Frameworks",
				);
				PRODUCT_BUNDLE_IDENTIFIER = ChikatoTakenouchi.ListCollectionViewTests;
				PRODUCT_NAME = "$(TARGET_NAME)";
				SWIFT_VERSION = 5.0;
				TARGETED_DEVICE_FAMILY = "1,2";
				TEST_HOST = "$(BUILT_PRODUCTS_DIR)/ListCollectionView.app/ListCollectionView";
			};
			name = Debug;
		};
		CFE186D224B05E1B00A90330 /* Release */ = {
			isa = XCBuildConfiguration;
			buildSettings = {
				ALWAYS_EMBED_SWIFT_STANDARD_LIBRARIES = YES;
				BUNDLE_LOADER = "$(TEST_HOST)";
				CODE_SIGN_STYLE = Automatic;
				DEVELOPMENT_TEAM = DQ6L6A5H88;
				INFOPLIST_FILE = ListCollectionViewTests/Info.plist;
				IPHONEOS_DEPLOYMENT_TARGET = 14.0;
				LD_RUNPATH_SEARCH_PATHS = (
					"$(inherited)",
					"@executable_path/Frameworks",
					"@loader_path/Frameworks",
				);
				PRODUCT_BUNDLE_IDENTIFIER = ChikatoTakenouchi.ListCollectionViewTests;
				PRODUCT_NAME = "$(TARGET_NAME)";
				SWIFT_VERSION = 5.0;
				TARGETED_DEVICE_FAMILY = "1,2";
				TEST_HOST = "$(BUILT_PRODUCTS_DIR)/ListCollectionView.app/ListCollectionView";
			};
			name = Release;
		};
		CFE186D424B05E1B00A90330 /* Debug */ = {
			isa = XCBuildConfiguration;
			buildSettings = {
				ALWAYS_EMBED_SWIFT_STANDARD_LIBRARIES = YES;
				CODE_SIGN_STYLE = Automatic;
				DEVELOPMENT_TEAM = DQ6L6A5H88;
				INFOPLIST_FILE = ListCollectionViewUITests/Info.plist;
				LD_RUNPATH_SEARCH_PATHS = (
					"$(inherited)",
					"@executable_path/Frameworks",
					"@loader_path/Frameworks",
				);
				PRODUCT_BUNDLE_IDENTIFIER = ChikatoTakenouchi.ListCollectionViewUITests;
				PRODUCT_NAME = "$(TARGET_NAME)";
				SWIFT_VERSION = 5.0;
				TARGETED_DEVICE_FAMILY = "1,2";
				TEST_TARGET_NAME = ListCollectionView;
			};
			name = Debug;
		};
		CFE186D524B05E1B00A90330 /* Release */ = {
			isa = XCBuildConfiguration;
			buildSettings = {
				ALWAYS_EMBED_SWIFT_STANDARD_LIBRARIES = YES;
				CODE_SIGN_STYLE = Automatic;
				DEVELOPMENT_TEAM = DQ6L6A5H88;
				INFOPLIST_FILE = ListCollectionViewUITests/Info.plist;
				LD_RUNPATH_SEARCH_PATHS = (
					"$(inherited)",
					"@executable_path/Frameworks",
					"@loader_path/Frameworks",
				);
				PRODUCT_BUNDLE_IDENTIFIER = ChikatoTakenouchi.ListCollectionViewUITests;
				PRODUCT_NAME = "$(TARGET_NAME)";
				SWIFT_VERSION = 5.0;
				TARGETED_DEVICE_FAMILY = "1,2";
				TEST_TARGET_NAME = ListCollectionView;
			};
			name = Release;
		};
/* End XCBuildConfiguration section */

/* Begin XCConfigurationList section */
		CFE1869E24B05E1900A90330 /* Build configuration list for PBXProject "ListCollectionView" */ = {
			isa = XCConfigurationList;
			buildConfigurations = (
				CFE186CB24B05E1B00A90330 /* Debug */,
				CFE186CC24B05E1B00A90330 /* Release */,
			);
			defaultConfigurationIsVisible = 0;
			defaultConfigurationName = Release;
		};
		CFE186CD24B05E1B00A90330 /* Build configuration list for PBXNativeTarget "ListCollectionView" */ = {
			isa = XCConfigurationList;
			buildConfigurations = (
				CFE186CE24B05E1B00A90330 /* Debug */,
				CFE186CF24B05E1B00A90330 /* Release */,
			);
			defaultConfigurationIsVisible = 0;
			defaultConfigurationName = Release;
		};
		CFE186D024B05E1B00A90330 /* Build configuration list for PBXNativeTarget "ListCollectionViewTests" */ = {
			isa = XCConfigurationList;
			buildConfigurations = (
				CFE186D124B05E1B00A90330 /* Debug */,
				CFE186D224B05E1B00A90330 /* Release */,
			);
			defaultConfigurationIsVisible = 0;
			defaultConfigurationName = Release;
		};
		CFE186D324B05E1B00A90330 /* Build configuration list for PBXNativeTarget "ListCollectionViewUITests" */ = {
			isa = XCConfigurationList;
			buildConfigurations = (
				CFE186D424B05E1B00A90330 /* Debug */,
				CFE186D524B05E1B00A90330 /* Release */,
			);
			defaultConfigurationIsVisible = 0;
			defaultConfigurationName = Release;
		};
/* End XCConfigurationList section */
	};
	rootObject = CFE1869B24B05E1900A90330 /* Project object */;
}
